Microsoft Visual Studio Solution File, Format Version 12.00
# Visual Studio Version 16
VisualStudioVersion = 16.0.30204.135
MinimumVisualStudioVersion = 10.0.40219.1
Project("{2150E333-8FDC-42A3-9474-1A3956D46DE8}") = "UI", "UI", "{99DF5C3A-AD95-4F65-83DF-BC83F619070B}"
EndProject
Project("{2150E333-8FDC-42A3-9474-1A3956D46DE8}") = "SOA", "SOA", "{CE1B624F-B646-4E8D-9331-0C1402AD4F5A}"
EndProject
Project("{2150E333-8FDC-42A3-9474-1A3956D46DE8}") = ".nuget", ".nuget", "{518E84E7-680F-4897-A9C8-CD8D5507AE94}"
	ProjectSection(SolutionItems) = preProject
		.nuget\NuGet.Config = .nuget\NuGet.Config
		.nuget\NuGet.exe = .nuget\NuGet.exe
		.nuget\NuGet.targets = .nuget\NuGet.targets
	EndProjectSection
EndProject
Project("{2150E333-8FDC-42A3-9474-1A3956D46DE8}") = "Library", "Library", "{D8C3295E-0EAD-4474-878F-E1317FFF6F86}"
	ProjectSection(SolutionItems) = preProject
		Library\Infrastructure.Core.Data.dll = Library\Infrastructure.Core.Data.dll
		Library\Infrastructure.Core.dll = Library\Infrastructure.Core.dll
		Library\Infrastructure.Utility.dll = Library\Infrastructure.Utility.dll
		Library\Infrastructure.Web.dll = Library\Infrastructure.Web.dll
		Library\Infrastructure.Web.Domain.dll = Library\Infrastructure.Web.Domain.dll
		Library\Innocellence.Weixin.Cache.DB.dll = Library\Innocellence.Weixin.Cache.DB.dll
		Library\Innocellence.Weixin.dll = Library\Innocellence.Weixin.dll
		Library\Innocellence.Weixin.MP.dll = Library\Innocellence.Weixin.MP.dll
		Library\Innocellence.Weixin.QY.dll = Library\Innocellence.Weixin.QY.dll
		Library\Microsoft.Owin.Security.OAuthClient.dll = Library\Microsoft.Owin.Security.OAuthClient.dll
		Dll\Novell.Directory.Ldap.dll = Dll\Novell.Directory.Ldap.dll
		Library\SqlSugar.dll = Library\SqlSugar.dll
	EndProjectSection
EndProject
Project("{FAE04EC0-301F-11D3-BF4B-00C04F79EFBC}") = "Innocellence.Web", "UI\Innocellence.Web\Innocellence.Web.csproj", "{18C3D59C-C5C8-4CF9-AD10-CBB0659ADCF8}"
EndProject
Project("{2150E333-8FDC-42A3-9474-1A3956D46DE8}") = "Plugins", "Plugins", "{3FEC96D8-7407-4519-BC7D-4BBE837C4008}"
EndProject
Project("{FAE04EC0-301F-11D3-BF4B-00C04F79EFBC}") = "Innocellence.WeChatMain", "Plugins\Innocellence.WechatMain\Innocellence.WeChatMain.csproj", "{2500866E-03C6-41CB-8C9B-8D90378C0895}"
EndProject
Project("{FAE04EC0-301F-11D3-BF4B-00C04F79EFBC}") = "Innocellence.WeChat", "Plugins\Innocellence.WeChat\Innocellence.WeChat.csproj", "{E48D2371-9162-4331-AFA2-07CC55D85845}"
EndProject
Project("{2150E333-8FDC-42A3-9474-1A3956D46DE8}") = "Library", "Library", "{3B9953E6-E8AC-409B-9DFA-E982C8B9A32F}"
EndProject
Project("{FAE04EC0-301F-11D3-BF4B-00C04F79EFBC}") = "Innocellence.WeChat.Domain", "Plugins\Libary\Innocellence.WeChat.Domain\Innocellence.WeChat.Domain.csproj", "{E95F23B9-C1D9-4AF3-8E12-A5CC13492AC9}"
EndProject
Project("{FAE04EC0-301F-11D3-BF4B-00C04F79EFBC}") = "Innocellence.Authentication", "Plugins\Innocellence.Authentication\Innocellence.Authentication.csproj", "{1B9DAEAE-1477-4A45-BAD0-EA53288F2C52}"
EndProject
Project("{FAE04EC0-301F-11D3-BF4B-00C04F79EFBC}") = "Innocellence.WeChatMP", "Plugins\Innocellence.WeChatMP\Innocellence.WeChatMP.csproj", "{A4589249-B9AB-40A6-8399-C64E924AD0D5}"
EndProject
Project("{FAE04EC0-301F-11D3-BF4B-00C04F79EFBC}") = "Innocellence.WeChatMeeting", "Plugins\Innocellence.WeChatMeeting\Innocellence.WeChatMeeting.csproj", "{5C9033C8-721D-496D-8798-480F625B6EC0}"
EndProject
Project("{FAE04EC0-301F-11D3-BF4B-00C04F79EFBC}") = "Innocellence.WeChatTalk", "Plugins\Innocellence.WeChatTalk\Innocellence.WeChatTalk.csproj", "{0A6AE16D-6DD1-40D7-BC1C-CD945A9EDF2B}"
EndProject
Project("{FAE04EC0-301F-11D3-BF4B-00C04F79EFBC}") = "Innocellence.Activity", "Plugins\Innocellence.Activity\Innocellence.Activity.csproj", "{71226C85-997A-4D1F-9B56-3103B1D8C915}"
EndProject
Project("{2150E333-8FDC-42A3-9474-1A3956D46DE8}") = "Solution Items", "Solution Items", "{EDB50D69-78FD-4431-82C3-B2C14AF11CA5}"
	ProjectSection(SolutionItems) = preProject
		WE-Palette.css = WE-Palette.css
		WebEssentials2015-Settings.json = WebEssentials2015-Settings.json
	EndProjectSection
EndProject
Project("{FAE04EC0-301F-11D3-BF4B-00C04F79EFBC}") = "Kevin.T.Timesheet", "Plugins\Kevin.T.Timesheet\Kevin.T.Timesheet.csproj", "{797A495E-99FF-4E5B-B19F-E01EA1C5C8FB}"
EndProject
Global
	GlobalSection(SolutionConfigurationPlatforms) = preSolution
		CodeAnalysis|Any CPU = CodeAnalysis|Any CPU
		CodeAnalysis|Mixed Platforms = CodeAnalysis|Mixed Platforms
		CodeAnalysis|x86 = CodeAnalysis|x86
		Debug|Any CPU = Debug|Any CPU
		Debug|Mixed Platforms = Debug|Mixed Platforms
		Debug|x86 = Debug|x86
		Release|Any CPU = Release|Any CPU
		Release|Mixed Platforms = Release|Mixed Platforms
		Release|x86 = Release|x86
		Test|Any CPU = Test|Any CPU
		Test|Mixed Platforms = Test|Mixed Platforms
		Test|x86 = Test|x86
	EndGlobalSection
	GlobalSection(ProjectConfigurationPlatforms) = postSolution
		{18C3D59C-C5C8-4CF9-AD10-CBB0659ADCF8}.CodeAnalysis|Any CPU.ActiveCfg = Release|Any CPU
		{18C3D59C-C5C8-4CF9-AD10-CBB0659ADCF8}.CodeAnalysis|Any CPU.Build.0 = Release|Any CPU
		{18C3D59C-C5C8-4CF9-AD10-CBB0659ADCF8}.CodeAnalysis|Mixed Platforms.ActiveCfg = Debug|Any CPU
		{18C3D59C-C5C8-4CF9-AD10-CBB0659ADCF8}.CodeAnalysis|Mixed Platforms.Build.0 = Debug|Any CPU
		{18C3D59C-C5C8-4CF9-AD10-CBB0659ADCF8}.CodeAnalysis|x86.ActiveCfg = Debug|Any CPU
		{18C3D59C-C5C8-4CF9-AD10-CBB0659ADCF8}.Debug|Any CPU.ActiveCfg = Debug|Any CPU
		{18C3D59C-C5C8-4CF9-AD10-CBB0659ADCF8}.Debug|Any CPU.Build.0 = Debug|Any CPU
		{18C3D59C-C5C8-4CF9-AD10-CBB0659ADCF8}.Debug|Mixed Platforms.ActiveCfg = Debug|Any CPU
		{18C3D59C-C5C8-4CF9-AD10-CBB0659ADCF8}.Debug|Mixed Platforms.Build.0 = Debug|Any CPU
		{18C3D59C-C5C8-4CF9-AD10-CBB0659ADCF8}.Debug|x86.ActiveCfg = Debug|Any CPU
		{18C3D59C-C5C8-4CF9-AD10-CBB0659ADCF8}.Debug|x86.Build.0 = Debug|Any CPU
		{18C3D59C-C5C8-4CF9-AD10-CBB0659ADCF8}.Release|Any CPU.ActiveCfg = Release|Any CPU
		{18C3D59C-C5C8-4CF9-AD10-CBB0659ADCF8}.Release|Any CPU.Build.0 = Release|Any CPU
		{18C3D59C-C5C8-4CF9-AD10-CBB0659ADCF8}.Release|Mixed Platforms.ActiveCfg = Release|Any CPU
		{18C3D59C-C5C8-4CF9-AD10-CBB0659ADCF8}.Release|Mixed Platforms.Build.0 = Release|Any CPU
		{18C3D59C-C5C8-4CF9-AD10-CBB0659ADCF8}.Release|x86.ActiveCfg = Release|Any CPU
		{18C3D59C-C5C8-4CF9-AD10-CBB0659ADCF8}.Test|Any CPU.ActiveCfg = Release|Any CPU
		{18C3D59C-C5C8-4CF9-AD10-CBB0659ADCF8}.Test|Any CPU.Build.0 = Release|Any CPU
		{18C3D59C-C5C8-4CF9-AD10-CBB0659ADCF8}.Test|Mixed Platforms.ActiveCfg = Debug|Any CPU
		{18C3D59C-C5C8-4CF9-AD10-CBB0659ADCF8}.Test|Mixed Platforms.Build.0 = Debug|Any CPU
		{18C3D59C-C5C8-4CF9-AD10-CBB0659ADCF8}.Test|x86.ActiveCfg = Debug|Any CPU
		{2500866E-03C6-41CB-8C9B-8D90378C0895}.CodeAnalysis|Any CPU.ActiveCfg = Release|Any CPU
		{2500866E-03C6-41CB-8C9B-8D90378C0895}.CodeAnalysis|Any CPU.Build.0 = Release|Any CPU
		{2500866E-03C6-41CB-8C9B-8D90378C0895}.CodeAnalysis|Mixed Platforms.ActiveCfg = Debug|Any CPU
		{2500866E-03C6-41CB-8C9B-8D90378C0895}.CodeAnalysis|Mixed Platforms.Build.0 = Debug|Any CPU
		{2500866E-03C6-41CB-8C9B-8D90378C0895}.CodeAnalysis|x86.ActiveCfg = Debug|Any CPU
		{2500866E-03C6-41CB-8C9B-8D90378C0895}.Debug|Any CPU.ActiveCfg = Debug|Any CPU
		{2500866E-03C6-41CB-8C9B-8D90378C0895}.Debug|Any CPU.Build.0 = Debug|Any CPU
		{2500866E-03C6-41CB-8C9B-8D90378C0895}.Debug|Mixed Platforms.ActiveCfg = Debug|Any CPU
		{2500866E-03C6-41CB-8C9B-8D90378C0895}.Debug|Mixed Platforms.Build.0 = Debug|Any CPU
		{2500866E-03C6-41CB-8C9B-8D90378C0895}.Debug|x86.ActiveCfg = Debug|Any CPU
		{2500866E-03C6-41CB-8C9B-8D90378C0895}.Debug|x86.Build.0 = Debug|Any CPU
		{2500866E-03C6-41CB-8C9B-8D90378C0895}.Release|Any CPU.ActiveCfg = Release|Any CPU
		{2500866E-03C6-41CB-8C9B-8D90378C0895}.Release|Any CPU.Build.0 = Release|Any CPU
		{2500866E-03C6-41CB-8C9B-8D90378C0895}.Release|Mixed Platforms.ActiveCfg = Release|Any CPU
		{2500866E-03C6-41CB-8C9B-8D90378C0895}.Release|Mixed Platforms.Build.0 = Release|Any CPU
		{2500866E-03C6-41CB-8C9B-8D90378C0895}.Release|x86.ActiveCfg = Release|Any CPU
		{2500866E-03C6-41CB-8C9B-8D90378C0895}.Test|Any CPU.ActiveCfg = Release|Any CPU
		{2500866E-03C6-41CB-8C9B-8D90378C0895}.Test|Any CPU.Build.0 = Release|Any CPU
		{2500866E-03C6-41CB-8C9B-8D90378C0895}.Test|Mixed Platforms.ActiveCfg = Debug|Any CPU
		{2500866E-03C6-41CB-8C9B-8D90378C0895}.Test|Mixed Platforms.Build.0 = Debug|Any CPU
		{2500866E-03C6-41CB-8C9B-8D90378C0895}.Test|x86.ActiveCfg = Debug|Any CPU
		{E48D2371-9162-4331-AFA2-07CC55D85845}.CodeAnalysis|Any CPU.ActiveCfg = Release|Any CPU
		{E48D2371-9162-4331-AFA2-07CC55D85845}.CodeAnalysis|Any CPU.Build.0 = Release|Any CPU
		{E48D2371-9162-4331-AFA2-07CC55D85845}.CodeAnalysis|Mixed Platforms.ActiveCfg = Debug|Any CPU
		{E48D2371-9162-4331-AFA2-07CC55D85845}.CodeAnalysis|Mixed Platforms.Build.0 = Debug|Any CPU
		{E48D2371-9162-4331-AFA2-07CC55D85845}.CodeAnalysis|x86.ActiveCfg = Debug|Any CPU
		{E48D2371-9162-4331-AFA2-07CC55D85845}.Debug|Any CPU.ActiveCfg = Debug|Any CPU
		{E48D2371-9162-4331-AFA2-07CC55D85845}.Debug|Any CPU.Build.0 = Debug|Any CPU
		{E48D2371-9162-4331-AFA2-07CC55D85845}.Debug|Mixed Platforms.ActiveCfg = Debug|Any CPU
		{E48D2371-9162-4331-AFA2-07CC55D85845}.Debug|Mixed Platforms.Build.0 = Debug|Any CPU
		{E48D2371-9162-4331-AFA2-07CC55D85845}.Debug|x86.ActiveCfg = Debug|Any CPU
		{E48D2371-9162-4331-AFA2-07CC55D85845}.Debug|x86.Build.0 = Debug|Any CPU
		{E48D2371-9162-4331-AFA2-07CC55D85845}.Release|Any CPU.ActiveCfg = Release|Any CPU
		{E48D2371-9162-4331-AFA2-07CC55D85845}.Release|Any CPU.Build.0 = Release|Any CPU
		{E48D2371-9162-4331-AFA2-07CC55D85845}.Release|Mixed Platforms.ActiveCfg = Release|Any CPU
		{E48D2371-9162-4331-AFA2-07CC55D85845}.Release|Mixed Platforms.Build.0 = Release|Any CPU
		{E48D2371-9162-4331-AFA2-07CC55D85845}.Release|x86.ActiveCfg = Release|Any CPU
		{E48D2371-9162-4331-AFA2-07CC55D85845}.Test|Any CPU.ActiveCfg = Release|Any CPU
		{E48D2371-9162-4331-AFA2-07CC55D85845}.Test|Any CPU.Build.0 = Release|Any CPU
		{E48D2371-9162-4331-AFA2-07CC55D85845}.Test|Mixed Platforms.ActiveCfg = Debug|Any CPU
		{E48D2371-9162-4331-AFA2-07CC55D85845}.Test|Mixed Platforms.Build.0 = Debug|Any CPU
		{E48D2371-9162-4331-AFA2-07CC55D85845}.Test|x86.ActiveCfg = Debug|Any CPU
		{E95F23B9-C1D9-4AF3-8E12-A5CC13492AC9}.CodeAnalysis|Any CPU.ActiveCfg = Release|Any CPU
		{E95F23B9-C1D9-4AF3-8E12-A5CC13492AC9}.CodeAnalysis|Any CPU.Build.0 = Release|Any CPU
		{E95F23B9-C1D9-4AF3-8E12-A5CC13492AC9}.CodeAnalysis|Mixed Platforms.ActiveCfg = Debug|Any CPU
		{E95F23B9-C1D9-4AF3-8E12-A5CC13492AC9}.CodeAnalysis|Mixed Platforms.Build.0 = Debug|Any CPU
		{E95F23B9-C1D9-4AF3-8E12-A5CC13492AC9}.CodeAnalysis|x86.ActiveCfg = Debug|Any CPU
		{E95F23B9-C1D9-4AF3-8E12-A5CC13492AC9}.Debug|Any CPU.ActiveCfg = Debug|Any CPU
		{E95F23B9-C1D9-4AF3-8E12-A5CC13492AC9}.Debug|Any CPU.Build.0 = Debug|Any CPU
		{E95F23B9-C1D9-4AF3-8E12-A5CC13492AC9}.Debug|Mixed Platforms.ActiveCfg = Debug|Any CPU
		{E95F23B9-C1D9-4AF3-8E12-A5CC13492AC9}.Debug|Mixed Platforms.Build.0 = Debug|Any CPU
		{E95F23B9-C1D9-4AF3-8E12-A5CC13492AC9}.Debug|x86.ActiveCfg = Debug|Any CPU
		{E95F23B9-C1D9-4AF3-8E12-A5CC13492AC9}.Debug|x86.Build.0 = Debug|Any CPU
		{E95F23B9-C1D9-4AF3-8E12-A5CC13492AC9}.Release|Any CPU.ActiveCfg = Release|Any CPU
		{E95F23B9-C1D9-4AF3-8E12-A5CC13492AC9}.Release|Any CPU.Build.0 = Release|Any CPU
		{E95F23B9-C1D9-4AF3-8E12-A5CC13492AC9}.Release|Mixed Platforms.ActiveCfg = Release|Any CPU
		{E95F23B9-C1D9-4AF3-8E12-A5CC13492AC9}.Release|Mixed Platforms.Build.0 = Release|Any CPU
		{E95F23B9-C1D9-4AF3-8E12-A5CC13492AC9}.Release|x86.ActiveCfg = Release|Any CPU
		{E95F23B9-C1D9-4AF3-8E12-A5CC13492AC9}.Test|Any CPU.ActiveCfg = Release|Any CPU
		{E95F23B9-C1D9-4AF3-8E12-A5CC13492AC9}.Test|Any CPU.Build.0 = Release|Any CPU
		{E95F23B9-C1D9-4AF3-8E12-A5CC13492AC9}.Test|Mixed Platforms.ActiveCfg = Debug|Any CPU
		{E95F23B9-C1D9-4AF3-8E12-A5CC13492AC9}.Test|Mixed Platforms.Build.0 = Debug|Any CPU
		{E95F23B9-C1D9-4AF3-8E12-A5CC13492AC9}.Test|x86.ActiveCfg = Debug|Any CPU
		{1B9DAEAE-1477-4A45-BAD0-EA53288F2C52}.CodeAnalysis|Any CPU.ActiveCfg = Release|Any CPU
		{1B9DAEAE-1477-4A45-BAD0-EA53288F2C52}.CodeAnalysis|Any CPU.Build.0 = Release|Any CPU
		{1B9DAEAE-1477-4A45-BAD0-EA53288F2C52}.CodeAnalysis|Mixed Platforms.ActiveCfg = Debug|Any CPU
		{1B9DAEAE-1477-4A45-BAD0-EA53288F2C52}.CodeAnalysis|Mixed Platforms.Build.0 = Debug|Any CPU
		{1B9DAEAE-1477-4A45-BAD0-EA53288F2C52}.CodeAnalysis|x86.ActiveCfg = Debug|Any CPU
		{1B9DAEAE-1477-4A45-BAD0-EA53288F2C52}.Debug|Any CPU.ActiveCfg = Debug|Any CPU
		{1B9DAEAE-1477-4A45-BAD0-EA53288F2C52}.Debug|Any CPU.Build.0 = Debug|Any CPU
		{1B9DAEAE-1477-4A45-BAD0-EA53288F2C52}.Debug|Mixed Platforms.ActiveCfg = Debug|Any CPU
		{1B9DAEAE-1477-4A45-BAD0-EA53288F2C52}.Debug|Mixed Platforms.Build.0 = Debug|Any CPU
		{1B9DAEAE-1477-4A45-BAD0-EA53288F2C52}.Debug|x86.ActiveCfg = Debug|Any CPU
		{1B9DAEAE-1477-4A45-BAD0-EA53288F2C52}.Debug|x86.Build.0 = Debug|Any CPU
		{1B9DAEAE-1477-4A45-BAD0-EA53288F2C52}.Release|Any CPU.ActiveCfg = Release|Any CPU
		{1B9DAEAE-1477-4A45-BAD0-EA53288F2C52}.Release|Any CPU.Build.0 = Release|Any CPU
		{1B9DAEAE-1477-4A45-BAD0-EA53288F2C52}.Release|Mixed Platforms.ActiveCfg = Release|Any CPU
		{1B9DAEAE-1477-4A45-BAD0-EA53288F2C52}.Release|Mixed Platforms.Build.0 = Release|Any CPU
		{1B9DAEAE-1477-4A45-BAD0-EA53288F2C52}.Release|x86.ActiveCfg = Release|Any CPU
		{1B9DAEAE-1477-4A45-BAD0-EA53288F2C52}.Test|Any CPU.ActiveCfg = Release|Any CPU
		{1B9DAEAE-1477-4A45-BAD0-EA53288F2C52}.Test|Any CPU.Build.0 = Release|Any CPU
		{1B9DAEAE-1477-4A45-BAD0-EA53288F2C52}.Test|Mixed Platforms.ActiveCfg = Debug|Any CPU
		{1B9DAEAE-1477-4A45-BAD0-EA53288F2C52}.Test|Mixed Platforms.Build.0 = Debug|Any CPU
		{1B9DAEAE-1477-4A45-BAD0-EA53288F2C52}.Test|x86.ActiveCfg = Debug|Any CPU
		{A4589249-B9AB-40A6-8399-C64E924AD0D5}.CodeAnalysis|Any CPU.ActiveCfg = Release|Any CPU
		{A4589249-B9AB-40A6-8399-C64E924AD0D5}.CodeAnalysis|Any CPU.Build.0 = Release|Any CPU
		{A4589249-B9AB-40A6-8399-C64E924AD0D5}.CodeAnalysis|Mixed Platforms.ActiveCfg = Debug|Any CPU
		{A4589249-B9AB-40A6-8399-C64E924AD0D5}.CodeAnalysis|Mixed Platforms.Build.0 = Debug|Any CPU
		{A4589249-B9AB-40A6-8399-C64E924AD0D5}.CodeAnalysis|x86.ActiveCfg = Release|Any CPU
		{A4589249-B9AB-40A6-8399-C64E924AD0D5}.Debug|Any CPU.ActiveCfg = Debug|Any CPU
		{A4589249-B9AB-40A6-8399-C64E924AD0D5}.Debug|Any CPU.Build.0 = Debug|Any CPU
		{A4589249-B9AB-40A6-8399-C64E924AD0D5}.Debug|Mixed Platforms.ActiveCfg = Debug|Any CPU
		{A4589249-B9AB-40A6-8399-C64E924AD0D5}.Debug|Mixed Platforms.Build.0 = Debug|Any CPU
		{A4589249-B9AB-40A6-8399-C64E924AD0D5}.Debug|x86.ActiveCfg = Debug|Any CPU
		{A4589249-B9AB-40A6-8399-C64E924AD0D5}.Debug|x86.Build.0 = Debug|Any CPU
		{A4589249-B9AB-40A6-8399-C64E924AD0D5}.Release|Any CPU.ActiveCfg = Release|Any CPU
		{A4589249-B9AB-40A6-8399-C64E924AD0D5}.Release|Any CPU.Build.0 = Release|Any CPU
		{A4589249-B9AB-40A6-8399-C64E924AD0D5}.Release|Mixed Platforms.ActiveCfg = Release|Any CPU
		{A4589249-B9AB-40A6-8399-C64E924AD0D5}.Release|Mixed Platforms.Build.0 = Release|Any CPU
		{A4589249-B9AB-40A6-8399-C64E924AD0D5}.Release|x86.ActiveCfg = Release|Any CPU
		{A4589249-B9AB-40A6-8399-C64E924AD0D5}.Test|Any CPU.ActiveCfg = Release|Any CPU
		{A4589249-B9AB-40A6-8399-C64E924AD0D5}.Test|Any CPU.Build.0 = Release|Any CPU
		{A4589249-B9AB-40A6-8399-C64E924AD0D5}.Test|Mixed Platforms.ActiveCfg = Debug|Any CPU
		{A4589249-B9AB-40A6-8399-C64E924AD0D5}.Test|Mixed Platforms.Build.0 = Debug|Any CPU
		{A4589249-B9AB-40A6-8399-C64E924AD0D5}.Test|x86.ActiveCfg = Release|Any CPU
		{5C9033C8-721D-496D-8798-480F625B6EC0}.CodeAnalysis|Any CPU.ActiveCfg = Release|Any CPU
		{5C9033C8-721D-496D-8798-480F625B6EC0}.CodeAnalysis|Any CPU.Build.0 = Release|Any CPU
		{5C9033C8-721D-496D-8798-480F625B6EC0}.CodeAnalysis|Mixed Platforms.ActiveCfg = Release|Any CPU
		{5C9033C8-721D-496D-8798-480F625B6EC0}.CodeAnalysis|Mixed Platforms.Build.0 = Release|Any CPU
		{5C9033C8-721D-496D-8798-480F625B6EC0}.CodeAnalysis|x86.ActiveCfg = Release|Any CPU
		{5C9033C8-721D-496D-8798-480F625B6EC0}.Debug|Any CPU.ActiveCfg = Debug|Any CPU
		{5C9033C8-721D-496D-8798-480F625B6EC0}.Debug|Any CPU.Build.0 = Debug|Any CPU
		{5C9033C8-721D-496D-8798-480F625B6EC0}.Debug|Mixed Platforms.ActiveCfg = Debug|Any CPU
		{5C9033C8-721D-496D-8798-480F625B6EC0}.Debug|Mixed Platforms.Build.0 = Debug|Any CPU
		{5C9033C8-721D-496D-8798-480F625B6EC0}.Debug|x86.ActiveCfg = Debug|Any CPU
		{5C9033C8-721D-496D-8798-480F625B6EC0}.Release|Any CPU.ActiveCfg = Release|Any CPU
		{5C9033C8-721D-496D-8798-480F625B6EC0}.Release|Any CPU.Build.0 = Release|Any CPU
		{5C9033C8-721D-496D-8798-480F625B6EC0}.Release|Mixed Platforms.ActiveCfg = Release|Any CPU
		{5C9033C8-721D-496D-8798-480F625B6EC0}.Release|Mixed Platforms.Build.0 = Release|Any CPU
		{5C9033C8-721D-496D-8798-480F625B6EC0}.Release|x86.ActiveCfg = Release|Any CPU
		{5C9033C8-721D-496D-8798-480F625B6EC0}.Test|Any CPU.ActiveCfg = Release|Any CPU
		{5C9033C8-721D-496D-8798-480F625B6EC0}.Test|Any CPU.Build.0 = Release|Any CPU
		{5C9033C8-721D-496D-8798-480F625B6EC0}.Test|Mixed Platforms.ActiveCfg = Release|Any CPU
		{5C9033C8-721D-496D-8798-480F625B6EC0}.Test|Mixed Platforms.Build.0 = Release|Any CPU
		{5C9033C8-721D-496D-8798-480F625B6EC0}.Test|x86.ActiveCfg = Release|Any CPU
		{0A6AE16D-6DD1-40D7-BC1C-CD945A9EDF2B}.CodeAnalysis|Any CPU.ActiveCfg = Release|Any CPU
		{0A6AE16D-6DD1-40D7-BC1C-CD945A9EDF2B}.CodeAnalysis|Any CPU.Build.0 = Release|Any CPU
		{0A6AE16D-6DD1-40D7-BC1C-CD945A9EDF2B}.CodeAnalysis|Mixed Platforms.ActiveCfg = Release|Any CPU
		{0A6AE16D-6DD1-40D7-BC1C-CD945A9EDF2B}.CodeAnalysis|Mixed Platforms.Build.0 = Release|Any CPU
		{0A6AE16D-6DD1-40D7-BC1C-CD945A9EDF2B}.CodeAnalysis|x86.ActiveCfg = Release|Any CPU
		{0A6AE16D-6DD1-40D7-BC1C-CD945A9EDF2B}.Debug|Any CPU.ActiveCfg = Debug|Any CPU
		{0A6AE16D-6DD1-40D7-BC1C-CD945A9EDF2B}.Debug|Any CPU.Build.0 = Debug|Any CPU
		{0A6AE16D-6DD1-40D7-BC1C-CD945A9EDF2B}.Debug|Mixed Platforms.ActiveCfg = Debug|Any CPU
		{0A6AE16D-6DD1-40D7-BC1C-CD945A9EDF2B}.Debug|Mixed Platforms.Build.0 = Debug|Any CPU
		{0A6AE16D-6DD1-40D7-BC1C-CD945A9EDF2B}.Debug|x86.ActiveCfg = Debug|Any CPU
		{0A6AE16D-6DD1-40D7-BC1C-CD945A9EDF2B}.Release|Any CPU.ActiveCfg = Release|Any CPU
		{0A6AE16D-6DD1-40D7-BC1C-CD945A9EDF2B}.Release|Any CPU.Build.0 = Release|Any CPU
		{0A6AE16D-6DD1-40D7-BC1C-CD945A9EDF2B}.Release|Mixed Platforms.ActiveCfg = Release|Any CPU
		{0A6AE16D-6DD1-40D7-BC1C-CD945A9EDF2B}.Release|Mixed Platforms.Build.0 = Release|Any CPU
		{0A6AE16D-6DD1-40D7-BC1C-CD945A9EDF2B}.Release|x86.ActiveCfg = Release|Any CPU
		{0A6AE16D-6DD1-40D7-BC1C-CD945A9EDF2B}.Test|Any CPU.ActiveCfg = Release|Any CPU
		{0A6AE16D-6DD1-40D7-BC1C-CD945A9EDF2B}.Test|Any CPU.Build.0 = Release|Any CPU
		{0A6AE16D-6DD1-40D7-BC1C-CD945A9EDF2B}.Test|Mixed Platforms.ActiveCfg = Release|Any CPU
		{0A6AE16D-6DD1-40D7-BC1C-CD945A9EDF2B}.Test|Mixed Platforms.Build.0 = Release|Any CPU
		{0A6AE16D-6DD1-40D7-BC1C-CD945A9EDF2B}.Test|x86.ActiveCfg = Release|Any CPU
		{71226C85-997A-4D1F-9B56-3103B1D8C915}.CodeAnalysis|Any CPU.ActiveCfg = Release|Any CPU
		{71226C85-997A-4D1F-9B56-3103B1D8C915}.CodeAnalysis|Any CPU.Build.0 = Release|Any CPU
		{71226C85-997A-4D1F-9B56-3103B1D8C915}.CodeAnalysis|Mixed Platforms.ActiveCfg = Release|Any CPU
		{71226C85-997A-4D1F-9B56-3103B1D8C915}.CodeAnalysis|Mixed Platforms.Build.0 = Release|Any CPU
		{71226C85-997A-4D1F-9B56-3103B1D8C915}.CodeAnalysis|x86.ActiveCfg = Release|Any CPU
		{71226C85-997A-4D1F-9B56-3103B1D8C915}.Debug|Any CPU.ActiveCfg = Debug|Any CPU
		{71226C85-997A-4D1F-9B56-3103B1D8C915}.Debug|Any CPU.Build.0 = Debug|Any CPU
		{71226C85-997A-4D1F-9B56-3103B1D8C915}.Debug|Mixed Platforms.ActiveCfg = Debug|Any CPU
		{71226C85-997A-4D1F-9B56-3103B1D8C915}.Debug|Mixed Platforms.Build.0 = Debug|Any CPU
		{71226C85-997A-4D1F-9B56-3103B1D8C915}.Debug|x86.ActiveCfg = Debug|Any CPU
		{71226C85-997A-4D1F-9B56-3103B1D8C915}.Release|Any CPU.ActiveCfg = Release|Any CPU
		{71226C85-997A-4D1F-9B56-3103B1D8C915}.Release|Any CPU.Build.0 = Release|Any CPU
		{71226C85-997A-4D1F-9B56-3103B1D8C915}.Release|Mixed Platforms.ActiveCfg = Release|Any CPU
		{71226C85-997A-4D1F-9B56-3103B1D8C915}.Release|Mixed Platforms.Build.0 = Release|Any CPU
		{71226C85-997A-4D1F-9B56-3103B1D8C915}.Release|x86.ActiveCfg = Release|Any CPU
		{71226C85-997A-4D1F-9B56-3103B1D8C915}.Test|Any CPU.ActiveCfg = Release|Any CPU
		{71226C85-997A-4D1F-9B56-3103B1D8C915}.Test|Any CPU.Build.0 = Release|Any CPU
		{71226C85-997A-4D1F-9B56-3103B1D8C915}.Test|Mixed Platforms.ActiveCfg = Release|Any CPU
		{71226C85-997A-4D1F-9B56-3103B1D8C915}.Test|Mixed Platforms.Build.0 = Release|Any CPU
		{71226C85-997A-4D1F-9B56-3103B1D8C915}.Test|x86.ActiveCfg = Release|Any CPU
		{797A495E-99FF-4E5B-B19F-E01EA1C5C8FB}.CodeAnalysis|Any CPU.ActiveCfg = Release|Any CPU
		{797A495E-99FF-4E5B-B19F-E01EA1C5C8FB}.CodeAnalysis|Any CPU.Build.0 = Release|Any CPU
		{797A495E-99FF-4E5B-B19F-E01EA1C5C8FB}.CodeAnalysis|Mixed Platforms.ActiveCfg = Release|Any CPU
		{797A495E-99FF-4E5B-B19F-E01EA1C5C8FB}.CodeAnalysis|Mixed Platforms.Build.0 = Release|Any CPU
		{797A495E-99FF-4E5B-B19F-E01EA1C5C8FB}.CodeAnalysis|x86.ActiveCfg = Release|Any CPU
		{797A495E-99FF-4E5B-B19F-E01EA1C5C8FB}.CodeAnalysis|x86.Build.0 = Release|Any CPU
		{797A495E-99FF-4E5B-B19F-E01EA1C5C8FB}.Debug|Any CPU.ActiveCfg = Debug|Any CPU
		{797A495E-99FF-4E5B-B19F-E01EA1C5C8FB}.Debug|Any CPU.Build.0 = Debug|Any CPU
		{797A495E-99FF-4E5B-B19F-E01EA1C5C8FB}.Debug|Mixed Platforms.ActiveCfg = Debug|Any CPU
		{797A495E-99FF-4E5B-B19F-E01EA1C5C8FB}.Debug|Mixed Platforms.Build.0 = Debug|Any CPU
		{797A495E-99FF-4E5B-B19F-E01EA1C5C8FB}.Debug|x86.ActiveCfg = Debug|Any CPU
		{797A495E-99FF-4E5B-B19F-E01EA1C5C8FB}.Debug|x86.Build.0 = Debug|Any CPU
		{797A495E-99FF-4E5B-B19F-E01EA1C5C8FB}.Release|Any CPU.ActiveCfg = Release|Any CPU
		{797A495E-99FF-4E5B-B19F-E01EA1C5C8FB}.Release|Any CPU.Build.0 = Release|Any CPU
		{797A495E-99FF-4E5B-B19F-E01EA1C5C8FB}.Release|Mixed Platforms.ActiveCfg = Release|Any CPU
		{797A495E-99FF-4E5B-B19F-E01EA1C5C8FB}.Release|Mixed Platforms.Build.0 = Release|Any CPU
		{797A495E-99FF-4E5B-B19F-E01EA1C5C8FB}.Release|x86.ActiveCfg = Release|Any CPU
		{797A495E-99FF-4E5B-B19F-E01EA1C5C8FB}.Release|x86.Build.0 = Release|Any CPU
		{797A495E-99FF-4E5B-B19F-E01EA1C5C8FB}.Test|Any CPU.ActiveCfg = Release|Any CPU
		{797A495E-99FF-4E5B-B19F-E01EA1C5C8FB}.Test|Any CPU.Build.0 = Release|Any CPU
		{797A495E-99FF-4E5B-B19F-E01EA1C5C8FB}.Test|Mixed Platforms.ActiveCfg = Release|Any CPU
		{797A495E-99FF-4E5B-B19F-E01EA1C5C8FB}.Test|Mixed Platforms.Build.0 = Release|Any CPU
		{797A495E-99FF-4E5B-B19F-E01EA1C5C8FB}.Test|x86.ActiveCfg = Release|Any CPU
		{797A495E-99FF-4E5B-B19F-E01EA1C5C8FB}.Test|x86.Build.0 = Release|Any CPU
	EndGlobalSection
	GlobalSection(SolutionProperties) = preSolution
		HideSolutionNode = FALSE
	EndGlobalSection
	GlobalSection(NestedProjects) = preSolution
		{18C3D59C-C5C8-4CF9-AD10-CBB0659ADCF8} = {99DF5C3A-AD95-4F65-83DF-BC83F619070B}
		{2500866E-03C6-41CB-8C9B-8D90378C0895} = {3FEC96D8-7407-4519-BC7D-4BBE837C4008}
		{E48D2371-9162-4331-AFA2-07CC55D85845} = {3FEC96D8-7407-4519-BC7D-4BBE837C4008}
		{3B9953E6-E8AC-409B-9DFA-E982C8B9A32F} = {3FEC96D8-7407-4519-BC7D-4BBE837C4008}
		{E95F23B9-C1D9-4AF3-8E12-A5CC13492AC9} = {3B9953E6-E8AC-409B-9DFA-E982C8B9A32F}
		{1B9DAEAE-1477-4A45-BAD0-EA53288F2C52} = {3FEC96D8-7407-4519-BC7D-4BBE837C4008}
		{A4589249-B9AB-40A6-8399-C64E924AD0D5} = {3FEC96D8-7407-4519-BC7D-4BBE837C4008}
		{5C9033C8-721D-496D-8798-480F625B6EC0} = {3FEC96D8-7407-4519-BC7D-4BBE837C4008}
		{0A6AE16D-6DD1-40D7-BC1C-CD945A9EDF2B} = {3FEC96D8-7407-4519-BC7D-4BBE837C4008}
		{71226C85-997A-4D1F-9B56-3103B1D8C915} = {3FEC96D8-7407-4519-BC7D-4BBE837C4008}
		{797A495E-99FF-4E5B-B19F-E01EA1C5C8FB} = {3FEC96D8-7407-4519-BC7D-4BBE837C4008}
	EndGlobalSection
	GlobalSection(ExtensibilityGlobals) = postSolution
		SolutionGuid = {FCB55894-C705-4D16-B966-3A781DE2C6FF}
	EndGlobalSection
EndGlobal
